// !$*UTF8*$!
{
	archiveVersion = 1;
	classes = {
	};
	objectVersion = 46;
	objects = {

/* Begin PBXBuildFile section */
		3191BD5319D1B7EC0099CADC /* AppDelegate.swift in Sources */ = {isa = PBXBuildFile; fileRef = 3191BD5219D1B7EC0099CADC /* AppDelegate.swift */; };
		3191BD5519D1B7EC0099CADC /* ViewController.swift in Sources */ = {isa = PBXBuildFile; fileRef = 3191BD5419D1B7EC0099CADC /* ViewController.swift */; };
		3191BD5819D1B7EC0099CADC /* Main.storyboard in Resources */ = {isa = PBXBuildFile; fileRef = 3191BD5619D1B7EC0099CADC /* Main.storyboard */; };
		3191BD5A19D1B7EC0099CADC /* Images.xcassets in Resources */ = {isa = PBXBuildFile; fileRef = 3191BD5919D1B7EC0099CADC /* Images.xcassets */; };
		3191BD5D19D1B7EC0099CADC /* LaunchScreen.xib in Resources */ = {isa = PBXBuildFile; fileRef = 3191BD5B19D1B7EC0099CADC /* LaunchScreen.xib */; };
		3191BD6919D1B7EC0099CADC /* ____Tests.swift in Sources */ = {isa = PBXBuildFile; fileRef = 3191BD6819D1B7EC0099CADC /* ____Tests.swift */; };
		3191BD7919D1BA6B0099CADC /* spark_blue.png in Resources */ = {isa = PBXBuildFile; fileRef = 3191BD7319D1BA6B0099CADC /* spark_blue.png */; };
		3191BD7A19D1BA6B0099CADC /* spark_cyan.png in Resources */ = {isa = PBXBuildFile; fileRef = 3191BD7419D1BA6B0099CADC /* spark_cyan.png */; };
		3191BD7B19D1BA6B0099CADC /* spark_green.png in Resources */ = {isa = PBXBuildFile; fileRef = 3191BD7519D1BA6B0099CADC /* spark_green.png */; };
		3191BD7C19D1BA6B0099CADC /* spark_magenta.png in Resources */ = {isa = PBXBuildFile; fileRef = 3191BD7619D1BA6B0099CADC /* spark_magenta.png */; };
		3191BD7D19D1BA6B0099CADC /* spark_red.png in Resources */ = {isa = PBXBuildFile; fileRef = 3191BD7719D1BA6B0099CADC /* spark_red.png */; };
		3191BD7E19D1BA6B0099CADC /* spark_yellow.png in Resources */ = {isa = PBXBuildFile; fileRef = 3191BD7819D1BA6B0099CADC /* spark_yellow.png */; };
/* End PBXBuildFile section */

/* Begin PBXContainerItemProxy section */
		3191BD6319D1B7EC0099CADC /* PBXContainerItemProxy */ = {
			isa = PBXContainerItemProxy;
			containerPortal = 3191BD4519D1B7EC0099CADC /* Project object */;
			proxyType = 1;
			remoteGlobalIDString = 3191BD4C19D1B7EC0099CADC;
			remoteInfo = "多点触摸";
		};
/* End PBXContainerItemProxy section */

/* Begin PBXFileReference section */
		3191BD4D19D1B7EC0099CADC /* 多点触摸.app */ = {isa = PBXFileReference; explicitFileType = wrapper.application; includeInIndex = 0; path = "多点触摸.app"; sourceTree = BUILT_PRODUCTS_DIR; };
		3191BD5119D1B7EC0099CADC /* Info.plist */ = {isa = PBXFileReference; lastKnownFileType = text.plist.xml; path = Info.plist; sourceTree = "<group>"; };
		3191BD5219D1B7EC0099CADC /* AppDelegate.swift */ = {isa = PBXFileReference; lastKnownFileType = sourcecode.swift; path = AppDelegate.swift; sourceTree = "<group>"; };
		3191BD5419D1B7EC0099CADC /* ViewController.swift */ = {isa = PBXFileReference; lastKnownFileType = sourcecode.swift; path = ViewController.swift; sourceTree = "<group>"; };
		3191BD5719D1B7EC0099CADC /* Base */ = {isa = PBXFileReference; lastKnownFileType = file.storyboard; name = Base; path = Base.lproj/Main.storyboard; sourceTree = "<group>"; };
		3191BD5919D1B7EC0099CADC /* Images.xcassets */ = {isa = PBXFileReference; lastKnownFileType = folder.assetcatalog; path = Images.xcassets; sourceTree = "<group>"; };
		3191BD5C19D1B7EC0099CADC /* Base */ = {isa = PBXFileReference; lastKnownFileType = file.xib; name = Base; path = Base.lproj/LaunchScreen.xib; sourceTree = "<group>"; };
		3191BD6219D1B7EC0099CADC /* 多点触摸Tests.xctest */ = {isa = PBXFileReference; explicitFileType = wrapper.cfbundle; includeInIndex = 0; path = "多点触摸Tests.xctest"; sourceTree = BUILT_PRODUCTS_DIR; };
		3191BD6719D1B7EC0099CADC /* Info.plist */ = {isa = PBXFileReference; lastKnownFileType = text.plist.xml; path = Info.plist; sourceTree = "<group>"; };
		3191BD6819D1B7EC0099CADC /* ____Tests.swift */ = {isa = PBXFileReference; lastKnownFileType = sourcecode.swift; path = "____Tests.swift"; sourceTree = "<group>"; };
		3191BD7319D1BA6B0099CADC /* spark_blue.png */ = {isa = PBXFileReference; lastKnownFileType = image.png; path = spark_blue.png; sourceTree = "<group>"; };
		3191BD7419D1BA6B0099CADC /* spark_cyan.png */ = {isa = PBXFileReference; lastKnownFileType = image.png; path = spark_cyan.png; sourceTree = "<group>"; };
		3191BD7519D1BA6B0099CADC /* spark_green.png */ = {isa = PBXFileReference; lastKnownFileType = image.png; path = spark_green.png; sourceTree = "<group>"; };
		3191BD7619D1BA6B0099CADC /* spark_magenta.png */ = {isa = PBXFileReference; lastKnownFileType = image.png; path = spark_magenta.png; sourceTree = "<group>"; };
		3191BD7719D1BA6B0099CADC /* spark_red.png */ = {isa = PBXFileReference; lastKnownFileType = image.png; path = spark_red.png; sourceTree = "<group>"; };
		3191BD7819D1BA6B0099CADC /* spark_yellow.png */ = {isa = PBXFileReference; lastKnownFileType = image.png; path = spark_yellow.png; sourceTree = "<group>"; };
/* End PBXFileReference section */

/* Begin PBXFrameworksBuildPhase section */
		3191BD4A19D1B7EC0099CADC /* Frameworks */ = {
			isa = PBXFrameworksBuildPhase;
			buildActionMask = 2147483647;
			files = (
			);
			runOnlyForDeploymentPostprocessing = 0;
		};
		3191BD5F19D1B7EC0099CADC /* Frameworks */ = {
			isa = PBXFrameworksBuildPhase;
			buildActionMask = 2147483647;
			files = (
			);
			runOnlyForDeploymentPostprocessing = 0;
		};
/* End PBXFrameworksBuildPhase section */

/* Begin PBXGroup section */
		3191BD4419D1B7EC0099CADC = {
			isa = PBXGroup;
			children = (
				3191BD4F19D1B7EC0099CADC /* 多点触摸 */,
				3191BD6519D1B7EC0099CADC /* 多点触摸Tests */,
				3191BD4E19D1B7EC0099CADC /* Products */,
			);
			sourceTree = "<group>";
		};
		3191BD4E19D1B7EC0099CADC /* Products */ = {
			isa = PBXGroup;
			children = (
				3191BD4D19D1B7EC0099CADC /* 多点触摸.app */,
				3191BD6219D1B7EC0099CADC /* 多点触摸Tests.xctest */,
			);
			name = Products;
			sourceTree = "<group>";
		};
		3191BD4F19D1B7EC0099CADC /* 多点触摸 */ = {
			isa = PBXGroup;
			children = (
				3191BD5219D1B7EC0099CADC /* AppDelegate.swift */,
				3191BD5419D1B7EC0099CADC /* ViewController.swift */,
				3191BD5619D1B7EC0099CADC /* Main.storyboard */,
				3191BD5919D1B7EC0099CADC /* Images.xcassets */,
				3191BD5B19D1B7EC0099CADC /* LaunchScreen.xib */,
				3191BD5019D1B7EC0099CADC /* Supporting Files */,
			);
			path = "多点触摸";
			sourceTree = "<group>";
		};
		3191BD5019D1B7EC0099CADC /* Supporting Files */ = {
			isa = PBXGroup;
			children = (
				3191BD7219D1BA6B0099CADC /* images */,
				3191BD5119D1B7EC0099CADC /* Info.plist */,
			);
			name = "Supporting Files";
			sourceTree = "<group>";
		};
		3191BD6519D1B7EC0099CADC /* 多点触摸Tests */ = {
			isa = PBXGroup;
			children = (
				3191BD6819D1B7EC0099CADC /* ____Tests.swift */,
				3191BD6619D1B7EC0099CADC /* Supporting Files */,
			);
			path = "多点触摸Tests";
			sourceTree = "<group>";
		};
		3191BD6619D1B7EC0099CADC /* Supporting Files */ = {
			isa = PBXGroup;
			children = (
				3191BD6719D1B7EC0099CADC /* Info.plist */,
			);
			name = "Supporting Files";
			sourceTree = "<group>";
		};
		3191BD7219D1BA6B0099CADC /* images */ = {
			isa = PBXGroup;
			children = (
				3191BD7319D1BA6B0099CADC /* spark_blue.png */,
				3191BD7419D1BA6B0099CADC /* spark_cyan.png */,
				3191BD7519D1BA6B0099CADC /* spark_green.png */,
				3191BD7619D1BA6B0099CADC /* spark_magenta.png */,
				3191BD7719D1BA6B0099CADC /* spark_red.png */,
				3191BD7819D1BA6B0099CADC /* spark_yellow.png */,
			);
			name = images;
			path = "../../../../../Desktop/黑马IOS 2/0923-触摸和手势识别/图片素材/images";
			sourceTree = "<group>";
		};
/* End PBXGroup section */

/* Begin PBXNativeTarget section */
		3191BD4C19D1B7EC0099CADC /* 多点触摸 */ = {
			isa = PBXNativeTarget;
			buildConfigurationList = 3191BD6C19D1B7EC0099CADC /* Build configuration list for PBXNativeTarget "多点触摸" */;
			buildPhases = (
				3191BD4919D1B7EC0099CADC /* Sources */,
				3191BD4A19D1B7EC0099CADC /* Frameworks */,
				3191BD4B19D1B7EC0099CADC /* Resources */,
			);
			buildRules = (
			);
			dependencies = (
			);
			name = "多点触摸";
			productName = "多点触摸";
			productReference = 3191BD4D19D1B7EC0099CADC /* 多点触摸.app */;
			productType = "com.apple.product-type.application";
		};
		3191BD6119D1B7EC0099CADC /* 多点触摸Tests */ = {
			isa = PBXNativeTarget;
			buildConfigurationList = 3191BD6F19D1B7EC0099CADC /* Build configuration list for PBXNativeTarget "多点触摸Tests" */;
			buildPhases = (
				3191BD5E19D1B7EC0099CADC /* Sources */,
				3191BD5F19D1B7EC0099CADC /* Frameworks */,
				3191BD6019D1B7EC0099CADC /* Resources */,
			);
			buildRules = (
			);
			dependencies = (
				3191BD6419D1B7EC0099CADC /* PBXTargetDependency */,
			);
			name = "多点触摸Tests";
			productName = "多点触摸Tests";
			productReference = 3191BD6219D1B7EC0099CADC /* 多点触摸Tests.xctest */;
			productType = "com.apple.product-type.bundle.unit-test";
		};
/* End PBXNativeTarget section */

/* Begin PBXProject section */
		3191BD4519D1B7EC0099CADC /* Project object */ = {
			isa = PBXProject;
			attributes = {
				LastUpgradeCheck = 0610;
				ORGANIZATIONNAME = bingoogol;
				TargetAttributes = {
					3191BD4C19D1B7EC0099CADC = {
						CreatedOnToolsVersion = 6.1;
					};
					3191BD6119D1B7EC0099CADC = {
						CreatedOnToolsVersion = 6.1;
						TestTargetID = 3191BD4C19D1B7EC0099CADC;
					};
				};
			};
			buildConfigurationList = 3191BD4819D1B7EC0099CADC /* Build configuration list for PBXProject "多点触摸" */;
			compatibilityVersion = "Xcode 3.2";
			developmentRegion = English;
			hasScannedForEncodings = 0;
			knownRegions = (
				en,
				Base,
			);
			mainGroup = 3191BD4419D1B7EC0099CADC;
			productRefGroup = 3191BD4E19D1B7EC0099CADC /* Products */;
			projectDirPath = "";
			projectRoot = "";
			targets = (
				3191BD4C19D1B7EC0099CADC /* 多点触摸 */,
				3191BD6119D1B7EC0099CADC /* 多点触摸Tests */,
			);
		};
/* End PBXProject section */

/* Begin PBXResourcesBuildPhase section */
		3191BD4B19D1B7EC0099CADC /* Resources */ = {
			isa = PBXResourcesBuildPhase;
			buildActionMask = 2147483647;
			files = (
				3191BD7A19D1BA6B0099CADC /* spark_cyan.png in Resources */,
				3191BD5819D1B7EC0099CADC /* Main.storyboard in Resources */,
				3191BD7919D1BA6B0099CADC /* spark_blue.png in Resources */,
				3191BD7D19D1BA6B0099CADC /* spark_red.png in Resources */,
				3191BD5D19D1B7EC0099CADC /* LaunchScreen.xib in Resources */,
				3191BD7E19D1BA6B0099CADC /* spark_yellow.png in Resources */,
				3191BD7C19D1BA6B0099CADC /* spark_magenta.png in Resources */,
				3191BD5A19D1B7EC0099CADC /* Images.xcassets in Resources */,
				3191BD7B19D1BA6B0099CADC /* spark_green.png in Resources */,
			);
			runOnlyForDeploymentPostprocessing = 0;
		};
		3191BD6019D1B7EC0099CADC /* Resources */ = {
			isa = PBXResourcesBuildPhase;
			buildActionMask = 2147483647;
			files = (
			);
			runOnlyForDeploymentPostprocessing = 0;
		};
/* End PBXResourcesBuildPhase section */

/* Begin PBXSourcesBuildPhase section */
		3191BD4919D1B7EC0099CADC /* Sources */ = {
			isa = PBXSourcesBuildPhase;
			buildActionMask = 2147483647;
			files = (
				3191BD5519D1B7EC0099CADC /* ViewController.swift in Sources */,
				3191BD5319D1B7EC0099CADC /* AppDelegate.swift in Sources */,
			);
			runOnlyForDeploymentPostprocessing = 0;
		};
		3191BD5E19D1B7EC0099CADC /* Sources */ = {
			isa = PBXSourcesBuildPhase;
			buildActionMask = 2147483647;
			files = (
				3191BD6919D1B7EC0099CADC /* ____Tests.swift in Sources */,
			);
			runOnlyForDeploymentPostprocessing = 0;
		};
/* End PBXSourcesBuildPhase section */

/* Begin PBXTargetDependency section */
		3191BD6419D1B7EC0099CADC /* PBXTargetDependency */ = {
			isa = PBXTargetDependency;
			target = 3191BD4C19D1B7EC0099CADC /* 多点触摸 */;
			targetProxy = 3191BD6319D1B7EC0099CADC /* PBXContainerItemProxy */;
		};
/* End PBXTargetDependency section */

/* Begin PBXVariantGroup section */
		3191BD5619D1B7EC0099CADC /* Main.storyboard */ = {
			isa = PBXVariantGroup;
			children = (
				3191BD5719D1B7EC0099CADC /* Base */,
			);
			name = Main.storyboard;
			sourceTree = "<group>";
		};
		3191BD5B19D1B7EC0099CADC /* LaunchScreen.xib */ = {
			isa = PBXVariantGroup;
			children = (
				3191BD5C19D1B7EC0099CADC /* Base */,
			);
			name = LaunchScreen.xib;
			sourceTree = "<group>";
		};
/* End PBXVariantGroup section */

/* Begin XCBuildConfiguration section */
		3191BD6A19D1B7EC0099CADC /* Debug */ = {
			isa = XCBuildConfiguration;
			buildSettings = {
				ALWAYS_SEARCH_USER_PATHS = NO;
				CLANG_CXX_LANGUAGE_STANDARD = "gnu++0x";
				CLANG_CXX_LIBRARY = "libc++";
				CLANG_ENABLE_MODULES = YES;
				CLANG_ENABLE_OBJC_ARC = YES;
				CLANG_WARN_BOOL_CONVERSION = YES;
				CLANG_WARN_CONSTANT_CONVERSION = YES;
				CLANG_WARN_DIRECT_OBJC_ISA_USAGE = YES_ERROR;
				CLANG_WARN_EMPTY_BODY = YES;
				CLANG_WARN_ENUM_CONVERSION = YES;
				CLANG_WARN_INT_CONVERSION = YES;
				CLANG_WARN_OBJC_ROOT_CLASS = YES_ERROR;
				CLANG_WARN_UNREACHABLE_CODE = YES;
				CLANG_WARN__DUPLICATE_METHOD_MATCH = YES;
				"CODE_SIGN_IDENTITY[sdk=iphoneos*]" = "iPhone Developer";
				COPY_PHASE_STRIP = NO;
				ENABLE_STRICT_OBJC_MSGSEND = YES;
				GCC_C_LANGUAGE_STANDARD = gnu99;
				GCC_DYNAMIC_NO_PIC = NO;
				GCC_OPTIMIZATION_LEVEL = 0;
				GCC_PREPROCESSOR_DEFINITIONS = (
					"DEBUG=1",
					"$(inherited)",
				);
				GCC_SYMBOLS_PRIVATE_EXTERN = NO;
				GCC_WARN_64_TO_32_BIT_CONVERSION = YES;
				GCC_WARN_ABOUT_RETURN_TYPE = YES_ERROR;
				GCC_WARN_UNDECLARED_SELECTOR = YES;
				GCC_WARN_UNINITIALIZED_AUTOS = YES_AGGRESSIVE;
				GCC_WARN_UNUSED_FUNCTION = YES;
				GCC_WARN_UNUSED_VARIABLE = YES;
				IPHONEOS_DEPLOYMENT_TARGET = 8.0;
				MTL_ENABLE_DEBUG_INFO = YES;
				ONLY_ACTIVE_ARCH = YES;
				SDKROOT = iphoneos;
				SWIFT_OPTIMIZATION_LEVEL = "-Onone";
			};
			name = Debug;
		};
		3191BD6B19D1B7EC0099CADC /* Release */ = {
			isa = XCBuildConfiguration;
			buildSettings = {
				ALWAYS_SEARCH_USER_PATHS = NO;
				CLANG_CXX_LANGUAGE_STANDARD = "gnu++0x";
				CLANG_CXX_LIBRARY = "libc++";
				CLANG_ENABLE_MODULES = YES;
				CLANG_ENABLE_OBJC_ARC = YES;
				CLANG_WARN_BOOL_CONVERSION = YES;
				CLANG_WARN_CONSTANT_CONVERSION = YES;
				CLANG_WARN_DIRECT_OBJC_ISA_USAGE = YES_ERROR;
				CLANG_WARN_EMPTY_BODY = YES;
				CLANG_WARN_ENUM_CONVERSION = YES;
				CLANG_WARN_INT_CONVERSION = YES;
				CLANG_WARN_OBJC_ROOT_CLASS = YES_ERROR;
				CLANG_WARN_UNREACHABLE_CODE = YES;
				CLANG_WARN__DUPLICATE_METHOD_MATCH = YES;
				"CODE_SIGN_IDENTITY[sdk=iphoneos*]" = "iPhone Developer";
				COPY_PHASE_STRIP = YES;
				ENABLE_NS_ASSERTIONS = NO;
				ENABLE_STRICT_OBJC_MSGSEND = YES;
				GCC_C_LANGUAGE_STANDARD = gnu99;
				GCC_WARN_64_TO_32_BIT_CONVERSION = YES;
				GCC_WARN_ABOUT_RETURN_TYPE = YES_ERROR;
				GCC_WARN_UNDECLARED_SELECTOR = YES;
				GCC_WARN_UNINITIALIZED_AUTOS = YES_AGGRESSIVE;
				GCC_WARN_UNUSED_FUNCTION = YES;
				GCC_WARN_UNUSED_VARIABLE = YES;
				IPHONEOS_DEPLOYMENT_TARGET = 8.0;
				MTL_ENABLE_DEBUG_INFO = NO;
				SDKROOT = iphoneos;
				VALIDATE_PRODUCT = YES;
			};
			name = Release;
		};
		3191BD6D19D1B7EC0099CADC /* Debug */ = {
			isa = XCBuildConfiguration;
			buildSettings = {
				ASSETCATALOG_COMPILER_APPICON_NAME = AppIcon;
				INFOPLIST_FILE = "多点触摸/Info.plist";
				LD_RUNPATH_SEARCH_PATHS = "$(inherited) @executable_path/Frameworks";
				PRODUCT_NAME = "$(TARGET_NAME)";
			};
			name = Debug;
		};
		3191BD6E19D1B7EC0099CADC /* Release */ = {
			isa = XCBuildConfiguration;
			buildSettings = {
				ASSETCATALOG_COMPILER_APPICON_NAME = AppIcon;
				INFOPLIST_FILE = "多点触摸/Info.plist";
				LD_RUNPATH_SEARCH_PATHS = "$(inherited) @executable_path/Frameworks";
				PRODUCT_NAME = "$(TARGET_NAME)";
			};
			name = Release;
		};
		3191BD7019D1B7EC0099CADC /* Debug */ = {
			isa = XCBuildConfiguration;
			buildSettings = {
				BUNDLE_LOADER = "$(TEST_HOST)";
				FRAMEWORK_SEARCH_PATHS = (
					"$(SDKROOT)/Developer/Library/Frameworks",
					"$(inherited)",
				);
				GCC_PREPROCESSOR_DEFINITIONS = (
					"DEBUG=1",
					"$(inherited)",
				);
				INFOPLIST_FILE = "多点触摸Tests/Info.plist";
				LD_RUNPATH_SEARCH_PATHS = "$(inherited) @executable_path/Frameworks @loader_path/Frameworks";
				PRODUCT_NAME = "$(TARGET_NAME)";
				TEST_HOST = "$(BUILT_PRODUCTS_DIR)/多点触摸.app/多点触摸";
			};
			name = Debug;
		};
		3191BD7119D1B7EC0099CADC /* Release */ = {
			isa = XCBuildConfiguration;
			buildSettings = {
				BUNDLE_LOADER = "$(TEST_HOST)";
				FRAMEWORK_SEARCH_PATHS = (
					"$(SDKROOT)/Developer/Library/Frameworks",
					"$(inherited)",
				);
				INFOPLIST_FILE = "多点触摸Tests/Info.plist";
				LD_RUNPATH_SEARCH_PATHS = "$(inherited) @executable_path/Frameworks @loader_path/Frameworks";
				PRODUCT_NAME = "$(TARGET_NAME)";
				TEST_HOST = "$(BUILT_PRODUCTS_DIR)/多点触摸.app/多点触摸";
			};
			name = Release;
		};
/* End XCBuildConfiguration section */

/* Begin XCConfigurationList section */
		3191BD4819D1B7EC0099CADC /* Build configuration list for PBXProject "多点触摸" */ = {
			isa = XCConfigurationList;
			buildConfigurations = (
				3191BD6A19D1B7EC0099CADC /* Debug */,
				3191BD6B19D1B7EC0099CADC /* Release */,
			);
			defaultConfigurationIsVisible = 0;
			defaultConfigurationName = Release;
		};
		3191BD6C19D1B7EC0099CADC /* Build configuration list for PBXNativeTarget "多点触摸" */ = {
			isa = XCConfigurationList;
			buildConfigurations = (
				3191BD6D19D1B7EC0099CADC /* Debug */,
				3191BD6E19D1B7EC0099CADC /* Release */,
			);
			defaultConfigurationIsVisible = 0;
		};
		3191BD6F19D1B7EC0099CADC /* Build configuration list for PBXNativeTarget "多点触摸Tests" */ = {
			isa = XCConfigurationList;
			buildConfigurations = (
				3191BD7019D1B7EC0099CADC /* Debug */,
				3191BD7119D1B7EC0099CADC /* Release */,
			);
			defaultConfigurationIsVisible = 0;
		};
/* End XCConfigurationList section */
	};
	rootObject = 3191BD4519D1B7EC0099CADC /* Project object */;
}
